// !$*UTF8*$!
{
	archiveVersion = 1;
	classes = {
	};
	objectVersion = 50;
	objects = {

/* Begin PBXBuildFile section */
		BD7E0AC226C3B33F005A3EC4 /* AppDelegate.swift in Sources */ = {isa = PBXBuildFile; fileRef = BD7E0AC126C3B33F005A3EC4 /* AppDelegate.swift */; };
		BD7E0AC426C3B33F005A3EC4 /* SceneDelegate.swift in Sources */ = {isa = PBXBuildFile; fileRef = BD7E0AC326C3B33F005A3EC4 /* SceneDelegate.swift */; };
		BD7E0AC926C3B33F005A3EC4 /* Main.storyboard in Resources */ = {isa = PBXBuildFile; fileRef = BD7E0AC726C3B33F005A3EC4 /* Main.storyboard */; };
		BD7E0ACB26C3B340005A3EC4 /* Assets.xcassets in Resources */ = {isa = PBXBuildFile; fileRef = BD7E0ACA26C3B340005A3EC4 /* Assets.xcassets */; };
		BD7E0ACE26C3B340005A3EC4 /* LaunchScreen.storyboard in Resources */ = {isa = PBXBuildFile; fileRef = BD7E0ACC26C3B340005A3EC4 /* LaunchScreen.storyboard */; };
		BD7E0AD626C3BE71005A3EC4 /* CommentTableViewCell.swift in Sources */ = {isa = PBXBuildFile; fileRef = BD7E0AD526C3BE71005A3EC4 /* CommentTableViewCell.swift */; };
		BD7E0AD826C3C142005A3EC4 /* CommentViewController.swift in Sources */ = {isa = PBXBuildFile; fileRef = BD7E0AD726C3C142005A3EC4 /* CommentViewController.swift */; };
		BD7E0ADD26C3CB9F005A3EC4 /* CommentDeleteModel.swift in Sources */ = {isa = PBXBuildFile; fileRef = BD7E0AD926C3CB9F005A3EC4 /* CommentDeleteModel.swift */; };
		BD7E0ADE26C3CB9F005A3EC4 /* CommentSelectQueryModel.swift in Sources */ = {isa = PBXBuildFile; fileRef = BD7E0ADA26C3CB9F005A3EC4 /* CommentSelectQueryModel.swift */; };
		BD7E0ADF26C3CB9F005A3EC4 /* CommentInsertModel.swift in Sources */ = {isa = PBXBuildFile; fileRef = BD7E0ADB26C3CB9F005A3EC4 /* CommentInsertModel.swift */; };
		BD7E0AE026C3CB9F005A3EC4 /* DBModel.swift in Sources */ = {isa = PBXBuildFile; fileRef = BD7E0ADC26C3CB9F005A3EC4 /* DBModel.swift */; };
/* End PBXBuildFile section */

/* Begin PBXFileReference section */
		BD7E0ABE26C3B33F005A3EC4 /* RndFinal.app */ = {isa = PBXFileReference; explicitFileType = wrapper.application; includeInIndex = 0; path = RndFinal.app; sourceTree = BUILT_PRODUCTS_DIR; };
		BD7E0AC126C3B33F005A3EC4 /* AppDelegate.swift */ = {isa = PBXFileReference; lastKnownFileType = sourcecode.swift; path = AppDelegate.swift; sourceTree = "<group>"; };
		BD7E0AC326C3B33F005A3EC4 /* SceneDelegate.swift */ = {isa = PBXFileReference; lastKnownFileType = sourcecode.swift; path = SceneDelegate.swift; sourceTree = "<group>"; };
		BD7E0AC826C3B33F005A3EC4 /* Base */ = {isa = PBXFileReference; lastKnownFileType = file.storyboard; name = Base; path = Base.lproj/Main.storyboard; sourceTree = "<group>"; };
		BD7E0ACA26C3B340005A3EC4 /* Assets.xcassets */ = {isa = PBXFileReference; lastKnownFileType = folder.assetcatalog; path = Assets.xcassets; sourceTree = "<group>"; };
		BD7E0ACD26C3B340005A3EC4 /* Base */ = {isa = PBXFileReference; lastKnownFileType = file.storyboard; name = Base; path = Base.lproj/LaunchScreen.storyboard; sourceTree = "<group>"; };
		BD7E0ACF26C3B340005A3EC4 /* Info.plist */ = {isa = PBXFileReference; lastKnownFileType = text.plist.xml; path = Info.plist; sourceTree = "<group>"; };
		BD7E0AD526C3BE71005A3EC4 /* CommentTableViewCell.swift */ = {isa = PBXFileReference; lastKnownFileType = sourcecode.swift; path = CommentTableViewCell.swift; sourceTree = "<group>"; };
		BD7E0AD726C3C142005A3EC4 /* CommentViewController.swift */ = {isa = PBXFileReference; lastKnownFileType = sourcecode.swift; path = CommentViewController.swift; sourceTree = "<group>"; };
		BD7E0AD926C3CB9F005A3EC4 /* CommentDeleteModel.swift */ = {isa = PBXFileReference; fileEncoding = 4; lastKnownFileType = sourcecode.swift; path = CommentDeleteModel.swift; sourceTree = "<group>"; };
		BD7E0ADA26C3CB9F005A3EC4 /* CommentSelectQueryModel.swift */ = {isa = PBXFileReference; fileEncoding = 4; lastKnownFileType = sourcecode.swift; path = CommentSelectQueryModel.swift; sourceTree = "<group>"; };
		BD7E0ADB26C3CB9F005A3EC4 /* CommentInsertModel.swift */ = {isa = PBXFileReference; fileEncoding = 4; lastKnownFileType = sourcecode.swift; path = CommentInsertModel.swift; sourceTree = "<group>"; };
		BD7E0ADC26C3CB9F005A3EC4 /* DBModel.swift */ = {isa = PBXFileReference; fileEncoding = 4; lastKnownFileType = sourcecode.swift; path = DBModel.swift; sourceTree = "<group>"; };
/* End PBXFileReference section */

/* Begin PBXFrameworksBuildPhase section */
		BD7E0ABB26C3B33F005A3EC4 /* Frameworks */ = {
			isa = PBXFrameworksBuildPhase;
			buildActionMask = 2147483647;
			files = (
			);
			runOnlyForDeploymentPostprocessing = 0;
		};
/* End PBXFrameworksBuildPhase section */

/* Begin PBXGroup section */
		BD7E0AB526C3B33F005A3EC4 = {
			isa = PBXGroup;
			children = (
				BD7E0AC026C3B33F005A3EC4 /* RndFinal */,
				BD7E0ABF26C3B33F005A3EC4 /* Products */,
			);
			sourceTree = "<group>";
		};
		BD7E0ABF26C3B33F005A3EC4 /* Products */ = {
			isa = PBXGroup;
			children = (
				BD7E0ABE26C3B33F005A3EC4 /* RndFinal.app */,
			);
			name = Products;
			sourceTree = "<group>";
		};
		BD7E0AC026C3B33F005A3EC4 /* RndFinal */ = {
			isa = PBXGroup;
			children = (
				BD7E0AC126C3B33F005A3EC4 /* AppDelegate.swift */,
				BD7E0AC326C3B33F005A3EC4 /* SceneDelegate.swift */,
				BD7E0AD526C3BE71005A3EC4 /* CommentTableViewCell.swift */,
				BD7E0AD726C3C142005A3EC4 /* CommentViewController.swift */,
				BD7E0AD926C3CB9F005A3EC4 /* CommentDeleteModel.swift */,
				BD7E0ADB26C3CB9F005A3EC4 /* CommentInsertModel.swift */,
				BD7E0ADA26C3CB9F005A3EC4 /* CommentSelectQueryModel.swift */,
				BD7E0ADC26C3CB9F005A3EC4 /* DBModel.swift */,
				BD7E0ACA26C3B340005A3EC4 /* Assets.xcassets */,
				BD7E0AC726C3B33F005A3EC4 /* Main.storyboard */,
				BD7E0ACC26C3B340005A3EC4 /* LaunchScreen.storyboard */,
				BD7E0ACF26C3B340005A3EC4 /* Info.plist */,
			);
			path = RndFinal;
			sourceTree = "<group>";
		};
/* End PBXGroup section */

/* Begin PBXNativeTarget section */
		BD7E0ABD26C3B33F005A3EC4 /* RndFinal */ = {
			isa = PBXNativeTarget;
			buildConfigurationList = BD7E0AD226C3B340005A3EC4 /* Build configuration list for PBXNativeTarget "RndFinal" */;
			buildPhases = (
				BD7E0ABA26C3B33F005A3EC4 /* Sources */,
				BD7E0ABB26C3B33F005A3EC4 /* Frameworks */,
				BD7E0ABC26C3B33F005A3EC4 /* Resources */,
			);
			buildRules = (
			);
			dependencies = (
			);
			name = RndFinal;
			productName = RndFinal;
			productReference = BD7E0ABE26C3B33F005A3EC4 /* RndFinal.app */;
			productType = "com.apple.product-type.application";
		};
/* End PBXNativeTarget section */

/* Begin PBXProject section */
		BD7E0AB626C3B33F005A3EC4 /* Project object */ = {
			isa = PBXProject;
			attributes = {
				LastSwiftUpdateCheck = 1250;
				LastUpgradeCheck = 1250;
				TargetAttributes = {
					BD7E0ABD26C3B33F005A3EC4 = {
						CreatedOnToolsVersion = 12.5.1;
					};
				};
			};
			buildConfigurationList = BD7E0AB926C3B33F005A3EC4 /* Build configuration list for PBXProject "RndFinal" */;
			compatibilityVersion = "Xcode 9.3";
			developmentRegion = en;
			hasScannedForEncodings = 0;
			knownRegions = (
				en,
				Base,
			);
			mainGroup = BD7E0AB526C3B33F005A3EC4;
			productRefGroup = BD7E0ABF26C3B33F005A3EC4 /* Products */;
			projectDirPath = "";
			projectRoot = "";
			targets = (
				BD7E0ABD26C3B33F005A3EC4 /* RndFinal */,
			);
		};
/* End PBXProject section */

/* Begin PBXResourcesBuildPhase section */
		BD7E0ABC26C3B33F005A3EC4 /* Resources */ = {
			isa = PBXResourcesBuildPhase;
			buildActionMask = 2147483647;
			files = (
				BD7E0ACE26C3B340005A3EC4 /* LaunchScreen.storyboard in Resources */,
				BD7E0ACB26C3B340005A3EC4 /* Assets.xcassets in Resources */,
				BD7E0AC926C3B33F005A3EC4 /* Main.storyboard in Resources */,
			);
			runOnlyForDeploymentPostprocessing = 0;
		};
/* End PBXResourcesBuildPhase section */

/* Begin PBXSourcesBuildPhase section */
		BD7E0ABA26C3B33F005A3EC4 /* Sources */ = {
			isa = PBXSourcesBuildPhase;
			buildActionMask = 2147483647;
			files = (
				BD7E0ADE26C3CB9F005A3EC4 /* CommentSelectQueryModel.swift in Sources */,
				BD7E0AD826C3C142005A3EC4 /* CommentViewController.swift in Sources */,
				BD7E0ADD26C3CB9F005A3EC4 /* CommentDeleteModel.swift in Sources */,
				BD7E0AC226C3B33F005A3EC4 /* AppDelegate.swift in Sources */,
				BD7E0AC426C3B33F005A3EC4 /* SceneDelegate.swift in Sources */,
				BD7E0ADF26C3CB9F005A3EC4 /* CommentInsertModel.swift in Sources */,
				BD7E0AD626C3BE71005A3EC4 /* CommentTableViewCell.swift in Sources */,
				BD7E0AE026C3CB9F005A3EC4 /* DBModel.swift in Sources */,
			);
			runOnlyForDeploymentPostprocessing = 0;
		};
/* End PBXSourcesBuildPhase section */

/* Begin PBXVariantGroup section */
		BD7E0AC726C3B33F005A3EC4 /* Main.storyboard */ = {
			isa = PBXVariantGroup;
			children = (
				BD7E0AC826C3B33F005A3EC4 /* Base */,
			);
			name = Main.storyboard;
			sourceTree = "<group>";
		};
		BD7E0ACC26C3B340005A3EC4 /* LaunchScreen.storyboard */ = {
			isa = PBXVariantGroup;
			children = (
				BD7E0ACD26C3B340005A3EC4 /* Base */,
			);
			name = LaunchScreen.storyboard;
			sourceTree = "<group>";
		};
/* End PBXVariantGroup section */

/* Begin XCBuildConfiguration section */
		BD7E0AD026C3B340005A3EC4 /* Debug */ = {
			isa = XCBuildConfiguration;
			buildSettings = {
				ALWAYS_SEARCH_USER_PATHS = NO;
				CLANG_ANALYZER_NONNULL = YES;
				CLANG_ANALYZER_NUMBER_OBJECT_CONVERSION = YES_AGGRESSIVE;
				CLANG_CXX_LANGUAGE_STANDARD = "gnu++14";
				CLANG_CXX_LIBRARY = "libc++";
				CLANG_ENABLE_MODULES = YES;
				CLANG_ENABLE_OBJC_ARC = YES;
				CLANG_ENABLE_OBJC_WEAK = YES;
				CLANG_WARN_BLOCK_CAPTURE_AUTORELEASING = YES;
				CLANG_WARN_BOOL_CONVERSION = YES;
				CLANG_WARN_COMMA = YES;
				CLANG_WARN_CONSTANT_CONVERSION = YES;
				CLANG_WARN_DEPRECATED_OBJC_IMPLEMENTATIONS = YES;
				CLANG_WARN_DIRECT_OBJC_ISA_USAGE = YES_ERROR;
				CLANG_WARN_DOCUMENTATION_COMMENTS = YES;
				CLANG_WARN_EMPTY_BODY = YES;
				CLANG_WARN_ENUM_CONVERSION = YES;
				CLANG_WARN_INFINITE_RECURSION = YES;
				CLANG_WARN_INT_CONVERSION = YES;
				CLANG_WARN_NON_LITERAL_NULL_CONVERSION = YES;
				CLANG_WARN_OBJC_IMPLICIT_RETAIN_SELF = YES;
				CLANG_WARN_OBJC_LITERAL_CONVERSION = YES;
				CLANG_WARN_OBJC_ROOT_CLASS = YES_ERROR;
				CLANG_WARN_QUOTED_INCLUDE_IN_FRAMEWORK_HEADER = YES;
				CLANG_WARN_RANGE_LOOP_ANALYSIS = YES;
				CLANG_WARN_STRICT_PROTOTYPES = YES;
				CLANG_WARN_SUSPICIOUS_MOVE = YES;
				CLANG_WARN_UNGUARDED_AVAILABILITY = YES_AGGRESSIVE;
				CLANG_WARN_UNREACHABLE_CODE = YES;
				CLANG_WARN__DUPLICATE_METHOD_MATCH = YES;
				COPY_PHASE_STRIP = NO;
				DEBUG_INFORMATION_FORMAT = dwarf;
				ENABLE_STRICT_OBJC_MSGSEND = YES;
				ENABLE_TESTABILITY = YES;
				GCC_C_LANGUAGE_STANDARD = gnu11;
				GCC_DYNAMIC_NO_PIC = NO;
				GCC_NO_COMMON_BLOCKS = YES;
				GCC_OPTIMIZATION_LEVEL = 0;
				GCC_PREPROCESSOR_DEFINITIONS = (
					"DEBUG=1",
					"$(inherited)",
				);
				GCC_WARN_64_TO_32_BIT_CONVERSION = YES;
				GCC_WARN_ABOUT_RETURN_TYPE = YES_ERROR;
				GCC_WARN_UNDECLARED_SELECTOR = YES;
				GCC_WARN_UNINITIALIZED_AUTOS = YES_AGGRESSIVE;
				GCC_WARN_UNUSED_FUNCTION = YES;
				GCC_WARN_UNUSED_VARIABLE = YES;
				IPHONEOS_DEPLOYMENT_TARGET = 14.5;
				MTL_ENABLE_DEBUG_INFO = INCLUDE_SOURCE;
				MTL_FAST_MATH = YES;
				ONLY_ACTIVE_ARCH = YES;
				SDKROOT = iphoneos;
				SWIFT_ACTIVE_COMPILATION_CONDITIONS = DEBUG;
				SWIFT_OPTIMIZATION_LEVEL = "-Onone";
			};
			name = Debug;
		};
		BD7E0AD126C3B340005A3EC4 /* Release */ = {
			isa = XCBuildConfiguration;
			buildSettings = {
				ALWAYS_SEARCH_USER_PATHS = NO;
				CLANG_ANALYZER_NONNULL = YES;
				CLANG_ANALYZER_NUMBER_OBJECT_CONVERSION = YES_AGGRESSIVE;
				CLANG_CXX_LANGUAGE_STANDARD = "gnu++14";
				CLANG_CXX_LIBRARY = "libc++";
				CLANG_ENABLE_MODULES = YES;
				CLANG_ENABLE_OBJC_ARC = YES;
				CLANG_ENABLE_OBJC_WEAK = YES;
				CLANG_WARN_BLOCK_CAPTURE_AUTORELEASING = YES;
				CLANG_WARN_BOOL_CONVERSION = YES;
				CLANG_WARN_COMMA = YES;
				CLANG_WARN_CONSTANT_CONVERSION = YES;
				CLANG_WARN_DEPRECATED_OBJC_IMPLEMENTATIONS = YES;
				CLANG_WARN_DIRECT_OBJC_ISA_USAGE = YES_ERROR;
				CLANG_WARN_DOCUMENTATION_COMMENTS = YES;
				CLANG_WARN_EMPTY_BODY = YES;
				CLANG_WARN_ENUM_CONVERSION = YES;
				CLANG_WARN_INFINITE_RECURSION = YES;
				CLANG_WARN_INT_CONVERSION = YES;
				CLANG_WARN_NON_LITERAL_NULL_CONVERSION = YES;
				CLANG_WARN_OBJC_IMPLICIT_RETAIN_SELF = YES;
				CLANG_WARN_OBJC_LITERAL_CONVERSION = YES;
				CLANG_WARN_OBJC_ROOT_CLASS = YES_ERROR;
				CLANG_WARN_QUOTED_INCLUDE_IN_FRAMEWORK_HEADER = YES;
				CLANG_WARN_RANGE_LOOP_ANALYSIS = YES;
				CLANG_WARN_STRICT_PROTOTYPES = YES;
				CLANG_WARN_SUSPICIOUS_MOVE = YES;
				CLANG_WARN_UNGUARDED_AVAILABILITY = YES_AGGRESSIVE;
				CLANG_WARN_UNREACHABLE_CODE = YES;
				CLANG_WARN__DUPLICATE_METHOD_MATCH = YES;
				COPY_PHASE_STRIP = NO;
				DEBUG_INFORMATION_FORMAT = "dwarf-with-dsym";
				ENABLE_NS_ASSERTIONS = NO;
				ENABLE_STRICT_OBJC_MSGSEND = YES;
				GCC_C_LANGUAGE_STANDARD = gnu11;
				GCC_NO_COMMON_BLOCKS = YES;
				GCC_WARN_64_TO_32_BIT_CONVERSION = YES;
				GCC_WARN_ABOUT_RETURN_TYPE = YES_ERROR;
				GCC_WARN_UNDECLARED_SELECTOR = YES;
				GCC_WARN_UNINITIALIZED_AUTOS = YES_AGGRESSIVE;
				GCC_WARN_UNUSED_FUNCTION = YES;
				GCC_WARN_UNUSED_VARIABLE = YES;
				IPHONEOS_DEPLOYMENT_TARGET = 14.5;
				MTL_ENABLE_DEBUG_INFO = NO;
				MTL_FAST_MATH = YES;
				SDKROOT = iphoneos;
				SWIFT_COMPILATION_MODE = wholemodule;
				SWIFT_OPTIMIZATION_LEVEL = "-O";
				VALIDATE_PRODUCT = YES;
			};
			name = Release;
		};
		BD7E0AD326C3B340005A3EC4 /* Debug */ = {
			isa = XCBuildConfiguration;
			buildSettings = {
				ASSETCATALOG_COMPILER_APPICON_NAME = AppIcon;
				ASSETCATALOG_COMPILER_GLOBAL_ACCENT_COLOR_NAME = AccentColor;
				CODE_SIGN_IDENTITY = "Apple Development";
				CODE_SIGN_STYLE = Automatic;
				DEVELOPMENT_TEAM = 4QCSG92KD9;
				INFOPLIST_FILE = RndFinal/Info.plist;
				LD_RUNPATH_SEARCH_PATHS = (
					"$(inherited)",
					"@executable_path/Frameworks",
				);
				PRODUCT_BUNDLE_IDENTIFIER = com.khankong.RndFinal;
				PRODUCT_NAME = "$(TARGET_NAME)";
				PROVISIONING_PROFILE_SPECIFIER = "";
				SWIFT_VERSION = 5.0;
				TARGETED_DEVICE_FAMILY = "1,2";
			};
			name = Debug;
		};
		BD7E0AD426C3B340005A3EC4 /* Release */ = {
			isa = XCBuildConfiguration;
			buildSettings = {
				ASSETCATALOG_COMPILER_APPICON_NAME = AppIcon;
				ASSETCATALOG_COMPILER_GLOBAL_ACCENT_COLOR_NAME = AccentColor;
				CODE_SIGN_IDENTITY = "Apple Development";
				CODE_SIGN_STYLE = Automatic;
				DEVELOPMENT_TEAM = 4QCSG92KD9;
				INFOPLIST_FILE = RndFinal/Info.plist;
				LD_RUNPATH_SEARCH_PATHS = (
					"$(inherited)",
					"@executable_path/Frameworks",
				);
				PRODUCT_BUNDLE_IDENTIFIER = com.khankong.RndFinal;
				PRODUCT_NAME = "$(TARGET_NAME)";
				PROVISIONING_PROFILE_SPECIFIER = "";
				SWIFT_VERSION = 5.0;
				TARGETED_DEVICE_FAMILY = "1,2";
			};
			name = Release;
		};
/* End XCBuildConfiguration section */

/* Begin XCConfigurationList section */
		BD7E0AB926C3B33F005A3EC4 /* Build configuration list for PBXProject "RndFinal" */ = {
			isa = XCConfigurationList;
			buildConfigurations = (
				BD7E0AD026C3B340005A3EC4 /* Debug */,
				BD7E0AD126C3B340005A3EC4 /* Release */,
			);
			defaultConfigurationIsVisible = 0;
			defaultConfigurationName = Release;
		};
		BD7E0AD226C3B340005A3EC4 /* Build configuration list for PBXNativeTarget "RndFinal" */ = {
			isa = XCConfigurationList;
			buildConfigurations = (
				BD7E0AD326C3B340005A3EC4 /* Debug */,
				BD7E0AD426C3B340005A3EC4 /* Release */,
			);
			defaultConfigurationIsVisible = 0;
			defaultConfigurationName = Release;
		};
/* End XCConfigurationList section */
	};
	rootObject = BD7E0AB626C3B33F005A3EC4 /* Project object */;
}
